
Microsoft Visual Studio Solution File, Format Version 12.00
# Visual Studio Version 16
VisualStudioVersion = 16.0.30717.126
MinimumVisualStudioVersion = 10.0.40219.1
Project("{FAE04EC0-301F-11D3-BF4B-00C04F79EFBC}") = "Server", "Server\Server.csproj", "{155919A3-C558-462F-B941-DA6DFCF8900A}"
EndProject
Project("{FAE04EC0-301F-11D3-BF4B-00C04F79EFBC}") = "Client.Android", "Client\Client.Android\Client.Android.csproj", "{ED28CF45-134C-4AA5-B575-6065B19DBEDE}"
EndProject
Project("{FAE04EC0-301F-11D3-BF4B-00C04F79EFBC}") = "Client", "Client\Client\Client.csproj", "{812A9FDF-7B5B-4D55-90CC-C0B77B51F435}"
EndProject
Global
	GlobalSection(SolutionConfigurationPlatforms) = preSolution
		Debug|Any CPU = Debug|Any CPU
		Release|Any CPU = Release|Any CPU
	EndGlobalSection
	GlobalSection(ProjectConfigurationPlatforms) = postSolution
		{155919A3-C558-462F-B941-DA6DFCF8900A}.Debug|Any CPU.ActiveCfg = Debug|Any CPU
		{155919A3-C558-462F-B941-DA6DFCF8900A}.Debug|Any CPU.Build.0 = Debug|Any CPU
		{155919A3-C558-462F-B941-DA6DFCF8900A}.Release|Any CPU.ActiveCfg = Release|Any CPU
		{155919A3-C558-462F-B941-DA6DFCF8900A}.Release|Any CPU.Build.0 = Release|Any CPU
		{ED28CF45-134C-4AA5-B575-6065B19DBEDE}.Debug|Any CPU.ActiveCfg = Debug|Any CPU
		{ED28CF45-134C-4AA5-B575-6065B19DBEDE}.Debug|Any CPU.Build.0 = Debug|Any CPU
		{ED28CF45-134C-4AA5-B575-6065B19DBEDE}.Debug|Any CPU.Deploy.0 = Debug|Any CPU
		{ED28CF45-134C-4AA5-B575-6065B19DBEDE}.Release|Any CPU.ActiveCfg = Release|Any CPU
		{ED28CF45-134C-4AA5-B575-6065B19DBEDE}.Release|Any CPU.Build.0 = Release|Any CPU
		{ED28CF45-134C-4AA5-B575-6065B19DBEDE}.Release|Any CPU.Deploy.0 = Release|Any CPU
		{812A9FDF-7B5B-4D55-90CC-C0B77B51F435}.Debug|Any CPU.ActiveCfg = Debug|Any CPU
		{812A9FDF-7B5B-4D55-90CC-C0B77B51F435}.Debug|Any CPU.Build.0 = Debug|Any CPU
		{812A9FDF-7B5B-4D55-90CC-C0B77B51F435}.Release|Any CPU.ActiveCfg = Release|Any CPU
		{812A9FDF-7B5B-4D55-90CC-C0B77B51F435}.Release|Any CPU.Build.0 = Release|Any CPU
	EndGlobalSection
	GlobalSection(SolutionProperties) = preSolution
		HideSolutionNode = FALSE
	EndGlobalSection
	GlobalSection(ExtensibilityGlobals) = postSolution
		SolutionGuid = {B491D5D9-C917-4C38-9293-ADB4C5542720}
	EndGlobalSection
EndGlobal
